
Microsoft Visual Studio Solution File, Format Version 12.00
# Visual Studio Version 16
VisualStudioVersion = 16.0.31624.102
MinimumVisualStudioVersion = 10.0.40219.1
Project("{9A19103F-16F7-4668-BE54-9A1E7A4F7556}") = "Lesson1_Task1", "Lesson1_Task1\Lesson1_Task1.csproj", "{3E68D145-DDA3-495B-9B35-86D267472794}"
EndProject
Project("{9A19103F-16F7-4668-BE54-9A1E7A4F7556}") = "Lesson1_Task2", "Lesson1_Task2\Lesson1_Task2.csproj", "{4B064411-E43E-46E4-A498-0BD12A7F4DB6}"
EndProject
Project("{9A19103F-16F7-4668-BE54-9A1E7A4F7556}") = "Lesson1_Task3.1", "Lesson1_Task3.1\Lesson1_Task3.1.csproj", "{6307B152-792E-4E0B-89A9-52BA4E20A2B9}"
EndProject
Project("{9A19103F-16F7-4668-BE54-9A1E7A4F7556}") = "Lesson1_Task3.2", "Lesson1_Task3.2\Lesson1_Task3.2.csproj", "{6ED4481C-B721-4FC3-9FC6-B47E756B9221}"
EndProject
Project("{9A19103F-16F7-4668-BE54-9A1E7A4F7556}") = "Lesson2_Task1", "Lesson2_Task1\Lesson2_Task1.csproj", "{7C630A28-7272-41C1-801B-03BD509B0F51}"
EndProject
Project("{9A19103F-16F7-4668-BE54-9A1E7A4F7556}") = "Lesson2_Task2", "Lesson2_Task2\Lesson2_Task2.csproj", "{7798197A-2762-4D78-91C5-4226D0E1196E}"
EndProject
Project("{9A19103F-16F7-4668-BE54-9A1E7A4F7556}") = "Lesson3_Benchmark", "Lesson3_Benchmark\Lesson3_Benchmark.csproj", "{33E3F44A-C23D-4C27-AA7D-6864EEDF8FBD}"
EndProject
Project("{9A19103F-16F7-4668-BE54-9A1E7A4F7556}") = "Lesson3_StopWatch", "Lesson3_StopWatch\Lesson3_StopWatch.csproj", "{CC57D3C4-904D-4DC5-A7AD-89F72283951C}"
EndProject
Project("{9A19103F-16F7-4668-BE54-9A1E7A4F7556}") = "Lesson4_Task1", "Lesson4_Task1\Lesson4_Task1.csproj", "{9E324B14-05F3-4A44-9963-5622A78DC939}"
EndProject
Project("{9A19103F-16F7-4668-BE54-9A1E7A4F7556}") = "Lesson4_Task2", "Lesson4_Task2\Lesson4_Task2.csproj", "{3C2A898C-6E54-49AC-BA4E-889AFBBEE778}"
EndProject
Project("{9A19103F-16F7-4668-BE54-9A1E7A4F7556}") = "Lesson5", "Lesson5\Lesson5.csproj", "{2536D60F-0D0E-42AC-98DF-F62F00C729FD}"
EndProject
Project("{9A19103F-16F7-4668-BE54-9A1E7A4F7556}") = "Lesson6", "Lesson6\Lesson6.csproj", "{4933DFC7-B8CA-4CE7-AABA-3E8C73ABEDFE}"
EndProject
Project("{FAE04EC0-301F-11D3-BF4B-00C04F79EFBC}") = "Lesson7", "Lesson7\Lesson7.csproj", "{0737651E-9D38-4CF3-9BA9-B1D9652A8F9C}"
EndProject
Global
	GlobalSection(SolutionConfigurationPlatforms) = preSolution
		Debug|Any CPU = Debug|Any CPU
		Release|Any CPU = Release|Any CPU
	EndGlobalSection
	GlobalSection(ProjectConfigurationPlatforms) = postSolution
		{3E68D145-DDA3-495B-9B35-86D267472794}.Debug|Any CPU.ActiveCfg = Debug|Any CPU
		{3E68D145-DDA3-495B-9B35-86D267472794}.Debug|Any CPU.Build.0 = Debug|Any CPU
		{3E68D145-DDA3-495B-9B35-86D267472794}.Release|Any CPU.ActiveCfg = Release|Any CPU
		{3E68D145-DDA3-495B-9B35-86D267472794}.Release|Any CPU.Build.0 = Release|Any CPU
		{4B064411-E43E-46E4-A498-0BD12A7F4DB6}.Debug|Any CPU.ActiveCfg = Debug|Any CPU
		{4B064411-E43E-46E4-A498-0BD12A7F4DB6}.Debug|Any CPU.Build.0 = Debug|Any CPU
		{4B064411-E43E-46E4-A498-0BD12A7F4DB6}.Release|Any CPU.ActiveCfg = Release|Any CPU
		{4B064411-E43E-46E4-A498-0BD12A7F4DB6}.Release|Any CPU.Build.0 = Release|Any CPU
		{6307B152-792E-4E0B-89A9-52BA4E20A2B9}.Debug|Any CPU.ActiveCfg = Debug|Any CPU
		{6307B152-792E-4E0B-89A9-52BA4E20A2B9}.Debug|Any CPU.Build.0 = Debug|Any CPU
		{6307B152-792E-4E0B-89A9-52BA4E20A2B9}.Release|Any CPU.ActiveCfg = Release|Any CPU
		{6307B152-792E-4E0B-89A9-52BA4E20A2B9}.Release|Any CPU.Build.0 = Release|Any CPU
		{6ED4481C-B721-4FC3-9FC6-B47E756B9221}.Debug|Any CPU.ActiveCfg = Debug|Any CPU
		{6ED4481C-B721-4FC3-9FC6-B47E756B9221}.Debug|Any CPU.Build.0 = Debug|Any CPU
		{6ED4481C-B721-4FC3-9FC6-B47E756B9221}.Release|Any CPU.ActiveCfg = Release|Any CPU
		{6ED4481C-B721-4FC3-9FC6-B47E756B9221}.Release|Any CPU.Build.0 = Release|Any CPU
		{7C630A28-7272-41C1-801B-03BD509B0F51}.Debug|Any CPU.ActiveCfg = Debug|Any CPU
		{7C630A28-7272-41C1-801B-03BD509B0F51}.Debug|Any CPU.Build.0 = Debug|Any CPU
		{7C630A28-7272-41C1-801B-03BD509B0F51}.Release|Any CPU.ActiveCfg = Release|Any CPU
		{7C630A28-7272-41C1-801B-03BD509B0F51}.Release|Any CPU.Build.0 = Release|Any CPU
		{7798197A-2762-4D78-91C5-4226D0E1196E}.Debug|Any CPU.ActiveCfg = Debug|Any CPU
		{7798197A-2762-4D78-91C5-4226D0E1196E}.Debug|Any CPU.Build.0 = Debug|Any CPU
		{7798197A-2762-4D78-91C5-4226D0E1196E}.Release|Any CPU.ActiveCfg = Release|Any CPU
		{7798197A-2762-4D78-91C5-4226D0E1196E}.Release|Any CPU.Build.0 = Release|Any CPU
		{33E3F44A-C23D-4C27-AA7D-6864EEDF8FBD}.Debug|Any CPU.ActiveCfg = Debug|Any CPU
		{33E3F44A-C23D-4C27-AA7D-6864EEDF8FBD}.Debug|Any CPU.Build.0 = Debug|Any CPU
		{33E3F44A-C23D-4C27-AA7D-6864EEDF8FBD}.Release|Any CPU.ActiveCfg = Release|Any CPU
		{33E3F44A-C23D-4C27-AA7D-6864EEDF8FBD}.Release|Any CPU.Build.0 = Release|Any CPU
		{CC57D3C4-904D-4DC5-A7AD-89F72283951C}.Debug|Any CPU.ActiveCfg = Debug|Any CPU
		{CC57D3C4-904D-4DC5-A7AD-89F72283951C}.Debug|Any CPU.Build.0 = Debug|Any CPU
		{CC57D3C4-904D-4DC5-A7AD-89F72283951C}.Release|Any CPU.ActiveCfg = Release|Any CPU
		{CC57D3C4-904D-4DC5-A7AD-89F72283951C}.Release|Any CPU.Build.0 = Release|Any CPU
		{9E324B14-05F3-4A44-9963-5622A78DC939}.Debug|Any CPU.ActiveCfg = Debug|Any CPU
		{9E324B14-05F3-4A44-9963-5622A78DC939}.Debug|Any CPU.Build.0 = Debug|Any CPU
		{9E324B14-05F3-4A44-9963-5622A78DC939}.Release|Any CPU.ActiveCfg = Release|Any CPU
		{9E324B14-05F3-4A44-9963-5622A78DC939}.Release|Any CPU.Build.0 = Release|Any CPU
		{3C2A898C-6E54-49AC-BA4E-889AFBBEE778}.Debug|Any CPU.ActiveCfg = Debug|Any CPU
		{3C2A898C-6E54-49AC-BA4E-889AFBBEE778}.Debug|Any CPU.Build.0 = Debug|Any CPU
		{3C2A898C-6E54-49AC-BA4E-889AFBBEE778}.Release|Any CPU.ActiveCfg = Release|Any CPU
		{3C2A898C-6E54-49AC-BA4E-889AFBBEE778}.Release|Any CPU.Build.0 = Release|Any CPU
		{2536D60F-0D0E-42AC-98DF-F62F00C729FD}.Debug|Any CPU.ActiveCfg = Debug|Any CPU
		{2536D60F-0D0E-42AC-98DF-F62F00C729FD}.Debug|Any CPU.Build.0 = Debug|Any CPU
		{2536D60F-0D0E-42AC-98DF-F62F00C729FD}.Release|Any CPU.ActiveCfg = Release|Any CPU
		{2536D60F-0D0E-42AC-98DF-F62F00C729FD}.Release|Any CPU.Build.0 = Release|Any CPU
		{4933DFC7-B8CA-4CE7-AABA-3E8C73ABEDFE}.Debug|Any CPU.ActiveCfg = Debug|Any CPU
		{4933DFC7-B8CA-4CE7-AABA-3E8C73ABEDFE}.Debug|Any CPU.Build.0 = Debug|Any CPU
		{4933DFC7-B8CA-4CE7-AABA-3E8C73ABEDFE}.Release|Any CPU.ActiveCfg = Release|Any CPU
		{4933DFC7-B8CA-4CE7-AABA-3E8C73ABEDFE}.Release|Any CPU.Build.0 = Release|Any CPU
		{0737651E-9D38-4CF3-9BA9-B1D9652A8F9C}.Debug|Any CPU.ActiveCfg = Debug|Any CPU
		{0737651E-9D38-4CF3-9BA9-B1D9652A8F9C}.Debug|Any CPU.Build.0 = Debug|Any CPU
		{0737651E-9D38-4CF3-9BA9-B1D9652A8F9C}.Release|Any CPU.ActiveCfg = Release|Any CPU
		{0737651E-9D38-4CF3-9BA9-B1D9652A8F9C}.Release|Any CPU.Build.0 = Release|Any CPU
	EndGlobalSection
	GlobalSection(SolutionProperties) = preSolution
		HideSolutionNode = FALSE
	EndGlobalSection
	GlobalSection(ExtensibilityGlobals) = postSolution
		SolutionGuid = {6C23DF2E-48C4-46AA-9CEF-A6D0089399E3}
	EndGlobalSection
EndGlobal
