
Microsoft Visual Studio Solution File, Format Version 12.00
# Visual Studio Version 16
VisualStudioVersion = 16.0.31624.102
MinimumVisualStudioVersion = 10.0.40219.1
Project("{9A19103F-16F7-4668-BE54-9A1E7A4F7556}") = "Lesson1_Task1", "Lesson1_Task1\Lesson1_Task1.csproj", "{3E68D145-DDA3-495B-9B35-86D267472794}"
EndProject
Project("{9A19103F-16F7-4668-BE54-9A1E7A4F7556}") = "Lesson1_Task2", "Lesson1_Task2\Lesson1_Task2.csproj", "{4B064411-E43E-46E4-A498-0BD12A7F4DB6}"
EndProject
Project("{9A19103F-16F7-4668-BE54-9A1E7A4F7556}") = "Lesson1_Task3.1", "Lesson1_Task3.1\Lesson1_Task3.1.csproj", "{6307B152-792E-4E0B-89A9-52BA4E20A2B9}"
EndProject
Project("{9A19103F-16F7-4668-BE54-9A1E7A4F7556}") = "Lesson1_Task3.2", "Lesson1_Task3.2\Lesson1_Task3.2.csproj", "{6ED4481C-B721-4FC3-9FC6-B47E756B9221}"
EndProject
Project("{9A19103F-16F7-4668-BE54-9A1E7A4F7556}") = "Lesson2_Task1", "Lesson2_Task1\Lesson2_Task1.csproj", "{7C630A28-7272-41C1-801B-03BD509B0F51}"
EndProject
Project("{9A19103F-16F7-4668-BE54-9A1E7A4F7556}") = "Lesson2_Task2", "Lesson2_Task2\Lesson2_Task2.csproj", "{7798197A-2762-4D78-91C5-4226D0E1196E}"
EndProject
Project("{FAE04EC0-301F-11D3-BF4B-00C04F79EFBC}") = "Lesson3_Benchmark", "Lesson3_Benchmark\Lesson3_Benchmark.csproj", "{33E3F44A-C23D-4C27-AA7D-6864EEDF8FBD}"
EndProject
Global
	GlobalSection(SolutionConfigurationPlatforms) = preSolution
		Debug|Any CPU = Debug|Any CPU
		Release|Any CPU = Release|Any CPU
	EndGlobalSection
	GlobalSection(ProjectConfigurationPlatforms) = postSolution
		{3E68D145-DDA3-495B-9B35-86D267472794}.Debug|Any CPU.ActiveCfg = Debug|Any CPU
		{3E68D145-DDA3-495B-9B35-86D267472794}.Debug|Any CPU.Build.0 = Debug|Any CPU
		{3E68D145-DDA3-495B-9B35-86D267472794}.Release|Any CPU.ActiveCfg = Release|Any CPU
		{3E68D145-DDA3-495B-9B35-86D267472794}.Release|Any CPU.Build.0 = Release|Any CPU
		{4B064411-E43E-46E4-A498-0BD12A7F4DB6}.Debug|Any CPU.ActiveCfg = Debug|Any CPU
		{4B064411-E43E-46E4-A498-0BD12A7F4DB6}.Debug|Any CPU.Build.0 = Debug|Any CPU
		{4B064411-E43E-46E4-A498-0BD12A7F4DB6}.Release|Any CPU.ActiveCfg = Release|Any CPU
		{4B064411-E43E-46E4-A498-0BD12A7F4DB6}.Release|Any CPU.Build.0 = Release|Any CPU
		{6307B152-792E-4E0B-89A9-52BA4E20A2B9}.Debug|Any CPU.ActiveCfg = Debug|Any CPU
		{6307B152-792E-4E0B-89A9-52BA4E20A2B9}.Debug|Any CPU.Build.0 = Debug|Any CPU
		{6307B152-792E-4E0B-89A9-52BA4E20A2B9}.Release|Any CPU.ActiveCfg = Release|Any CPU
		{6307B152-792E-4E0B-89A9-52BA4E20A2B9}.Release|Any CPU.Build.0 = Release|Any CPU
		{6ED4481C-B721-4FC3-9FC6-B47E756B9221}.Debug|Any CPU.ActiveCfg = Debug|Any CPU
		{6ED4481C-B721-4FC3-9FC6-B47E756B9221}.Debug|Any CPU.Build.0 = Debug|Any CPU
		{6ED4481C-B721-4FC3-9FC6-B47E756B9221}.Release|Any CPU.ActiveCfg = Release|Any CPU
		{6ED4481C-B721-4FC3-9FC6-B47E756B9221}.Release|Any CPU.Build.0 = Release|Any CPU
		{7C630A28-7272-41C1-801B-03BD509B0F51}.Debug|Any CPU.ActiveCfg = Debug|Any CPU
		{7C630A28-7272-41C1-801B-03BD509B0F51}.Debug|Any CPU.Build.0 = Debug|Any CPU
		{7C630A28-7272-41C1-801B-03BD509B0F51}.Release|Any CPU.ActiveCfg = Release|Any CPU
		{7C630A28-7272-41C1-801B-03BD509B0F51}.Release|Any CPU.Build.0 = Release|Any CPU
		{7798197A-2762-4D78-91C5-4226D0E1196E}.Debug|Any CPU.ActiveCfg = Debug|Any CPU
		{7798197A-2762-4D78-91C5-4226D0E1196E}.Debug|Any CPU.Build.0 = Debug|Any CPU
		{7798197A-2762-4D78-91C5-4226D0E1196E}.Release|Any CPU.ActiveCfg = Release|Any CPU
		{7798197A-2762-4D78-91C5-4226D0E1196E}.Release|Any CPU.Build.0 = Release|Any CPU
		{33E3F44A-C23D-4C27-AA7D-6864EEDF8FBD}.Debug|Any CPU.ActiveCfg = Debug|Any CPU
		{33E3F44A-C23D-4C27-AA7D-6864EEDF8FBD}.Debug|Any CPU.Build.0 = Debug|Any CPU
		{33E3F44A-C23D-4C27-AA7D-6864EEDF8FBD}.Release|Any CPU.ActiveCfg = Release|Any CPU
		{33E3F44A-C23D-4C27-AA7D-6864EEDF8FBD}.Release|Any CPU.Build.0 = Release|Any CPU
	EndGlobalSection
	GlobalSection(SolutionProperties) = preSolution
		HideSolutionNode = FALSE
	EndGlobalSection
	GlobalSection(ExtensibilityGlobals) = postSolution
		SolutionGuid = {6C23DF2E-48C4-46AA-9CEF-A6D0089399E3}
	EndGlobalSection
EndGlobal
